
Microsoft Visual Studio Solution File, Format Version 12.00
# Visual Studio 15
VisualStudioVersion = 15.0.28307.438
MinimumVisualStudioVersion = 10.0.40219.1
Project("{FAE04EC0-301F-11D3-BF4B-00C04F79EFBC}") = "Optimization_Multi_Extreme", "Optimization_Multi_Extreme\Optimization_Multi_Extreme.csproj", "{C79D564A-85F7-42F1-B8E3-6604D2F1E34D}"
EndProject
Global
	GlobalSection(SolutionConfigurationPlatforms) = preSolution
		Debug|Any CPU = Debug|Any CPU
		Release|Any CPU = Release|Any CPU
	EndGlobalSection
	GlobalSection(ProjectConfigurationPlatforms) = postSolution
		{C79D564A-85F7-42F1-B8E3-6604D2F1E34D}.Debug|Any CPU.ActiveCfg = Debug|Any CPU
		{C79D564A-85F7-42F1-B8E3-6604D2F1E34D}.Debug|Any CPU.Build.0 = Debug|Any CPU
		{C79D564A-85F7-42F1-B8E3-6604D2F1E34D}.Release|Any CPU.ActiveCfg = Release|Any CPU
		{C79D564A-85F7-42F1-B8E3-6604D2F1E34D}.Release|Any CPU.Build.0 = Release|Any CPU
	EndGlobalSection
	GlobalSection(SolutionProperties) = preSolution
		HideSolutionNode = FALSE
	EndGlobalSection
	GlobalSection(ExtensibilityGlobals) = postSolution
		SolutionGuid = {DCBFE2A6-579A-4FB3-92EF-3127637D5C38}
	EndGlobalSection
EndGlobal
